# THIS IS AN AUTOGENERATED FILE. DO NOT EDIT THIS FILE DIRECTLY.
# yarn lockfile v1


"@adraffy/ens-normalize@1.9.0":
  "integrity" "sha512-iowxq3U30sghZotgl4s/oJRci6WPBfNO5YYgk2cIOMCHr3LeGPcsZjCEr+33Q4N+oV3OABDAtA+pyvWjbvBifQ=="
  "resolved" "https://registry.npmjs.org/@adraffy/ens-normalize/-/ens-normalize-1.9.0.tgz"
  "version" "1.9.0"

"@bgd-labs/aave-tenderly-cli@^0.0.13":
  "integrity" "sha512-zRgZhsXmkdjPC3mrsWxB5sSN/8ex4cYM3tTu+ezRPB0hR1KwdnudmMZ4+tfGwDrmefZE/OipqySqy92F6YEL6w=="
  "resolved" "https://registry.npmjs.org/@bgd-labs/aave-tenderly-cli/-/aave-tenderly-cli-0.0.13.tgz"
  "version" "0.0.13"

"@bgd-labs/report-engine@^0.0.11":
  "integrity" "sha512-6NiP8gwi3GV5gISsfnd7PZcLd2tOLU1okjGJACtb8iJuLcdRlbASJPDmR/aTtaGpItmjoQJNVWpPkFQgoy5W6A=="
  "resolved" "https://registry.npmjs.org/@bgd-labs/report-engine/-/report-engine-0.0.11.tgz"
  "version" "0.0.11"
  dependencies:
    "json-bigint" "^1.0.0"
    "node-fetch" "^2.6.9"
    "object-hash" "^3.0.0"
    "viem" "^0.3.0"
    "yargs" "^17.7.1"
    "zod" "^3.21.4"

"@noble/curves@~0.8.3":
  "integrity" "sha512-OqaOf4RWDaCRuBKJLDURrgVxjLmneGsiCXGuzYB5y95YithZMA6w4uk34DHSm0rKMrrYiaeZj48/81EvaAScLQ=="
  "resolved" "https://registry.npmjs.org/@noble/curves/-/curves-0.8.3.tgz"
  "version" "0.8.3"
  dependencies:
    "@noble/hashes" "1.3.0"

"@noble/curves@0.9.0":
  "integrity" "sha512-OAdtHMXBp7Chl2lcTn/i7vnFX/q+hhTwDnek5NfYfZsY4LyaUuHCcoq2JlLY3BTFTLT+ZhYZalhF6ejlV7KnJQ=="
  "resolved" "https://registry.npmjs.org/@noble/curves/-/curves-0.9.0.tgz"
  "version" "0.9.0"
  dependencies:
    "@noble/hashes" "1.3.0"

"@noble/hashes@~1.3.0", "@noble/hashes@1.3.0":
  "integrity" "sha512-ilHEACi9DwqJB0pw7kv+Apvh50jiiSyR/cQ3y4W7lOR5mhvn/50FLUfsnfJz0BDZtl/RR16kXvptiv6q1msYZg=="
  "resolved" "https://registry.npmjs.org/@noble/hashes/-/hashes-1.3.0.tgz"
  "version" "1.3.0"

"@scure/base@~1.1.0":
  "integrity" "sha512-ZxOhsSyxYwLJj3pLZCefNitxsj093tb2vq90mp2txoYeBqbcjDjqFhyM8eUjq/uFm6zJ+mUuqxlS2FkuSY1MTA=="
  "resolved" "https://registry.npmjs.org/@scure/base/-/base-1.1.1.tgz"
  "version" "1.1.1"

"@scure/bip32@1.2.0":
  "integrity" "sha512-O+vT/hBVk+ag2i6j2CDemwd1E1MtGt+7O1KzrPNsaNvSsiEK55MyPIxJIMI2PS8Ijj464B2VbQlpRoQXxw1uHg=="
  "resolved" "https://registry.npmjs.org/@scure/bip32/-/bip32-1.2.0.tgz"
  "version" "1.2.0"
  dependencies:
    "@noble/curves" "~0.8.3"
    "@noble/hashes" "~1.3.0"
    "@scure/base" "~1.1.0"

"@scure/bip39@1.2.0":
  "integrity" "sha512-SX/uKq52cuxm4YFXWFaVByaSHJh2w3BnokVSeUJVCv6K7WulT9u2BuNRBhuFl8vAuYnzx9bEu9WgpcNYTrYieg=="
  "resolved" "https://registry.npmjs.org/@scure/bip39/-/bip39-1.2.0.tgz"
  "version" "1.2.0"
  dependencies:
    "@noble/hashes" "~1.3.0"
    "@scure/base" "~1.1.0"

"@solidity-parser/parser@^0.16.0":
  "integrity" "sha512-ESipEcHyRHg4Np4SqBCfcXwyxxna1DgFVz69bgpLV8vzl/NP1DtcKsJ4dJZXWQhY/Z4J2LeKBiOkOVZn9ct33Q=="
  "resolved" "https://registry.npmjs.org/@solidity-parser/parser/-/parser-0.16.0.tgz"
  "version" "0.16.0"
  dependencies:
    "antlr4ts" "^0.5.0-alpha.4"

"@wagmi/chains@0.2.16":
  "integrity" "sha512-rkWaI2PxCnbD8G07ZZff5QXftnSkYL0h5f4DkHCG3fGYYr/ZDvmCL4bMae7j7A9sAif1csPPBmbCzHp3R5ogCQ=="
  "resolved" "https://registry.npmjs.org/@wagmi/chains/-/chains-0.2.16.tgz"
  "version" "0.2.16"

"abitype@0.7.1":
  "integrity" "sha512-VBkRHTDZf9Myaek/dO3yMmOzB/y2s3Zo6nVU7yaw1G+TvCHAjwaJzNGN9yo4K5D8bU/VZXKP1EJpRhFr862PlQ=="
  "resolved" "https://registry.npmjs.org/abitype/-/abitype-0.7.1.tgz"
  "version" "0.7.1"

"ansi-regex@^5.0.1":
  "integrity" "sha512-quJQXlTSUGL2LH9SUXo8VwsY4soanhgo6LNSm84E1LBcE8s3O0wpdiRzyR9z/ZZJMlMWv37qOOb9pdJlMUEKFQ=="
  "resolved" "https://registry.npmjs.org/ansi-regex/-/ansi-regex-5.0.1.tgz"
  "version" "5.0.1"

"ansi-styles@^4.0.0":
  "integrity" "sha512-zbB9rCJAT1rbjiVDb2hqKFHNYLxgtk8NURxZ3IZwD3F6NtxbXZQCnnSi1Lkx+IDohdPlFp222wVALIheZJQSEg=="
  "resolved" "https://registry.npmjs.org/ansi-styles/-/ansi-styles-4.3.0.tgz"
  "version" "4.3.0"
  dependencies:
    "color-convert" "^2.0.1"

"antlr4ts@^0.5.0-alpha.4":
  "integrity" "sha512-WPQDt1B74OfPv/IMS2ekXAKkTZIHl88uMetg6q3OTqgFxZ/dxDXI0EWLyZid/1Pe6hTftyg5N7gel5wNAGxXyQ=="
  "resolved" "https://registry.npmjs.org/antlr4ts/-/antlr4ts-0.5.0-alpha.4.tgz"
  "version" "0.5.0-alpha.4"

"bignumber.js@^9.0.0":
  "integrity" "sha512-pHm4LsMJ6lzgNGVfZHjMoO8sdoRhOzOH4MLmY65Jg70bpxCKu5iOHNJyfF6OyvYw7t8Fpf35RuzUyqnQsj8Vig=="
  "resolved" "https://registry.npmjs.org/bignumber.js/-/bignumber.js-9.1.1.tgz"
  "version" "9.1.1"

"cliui@^8.0.1":
  "integrity" "sha512-BSeNnyus75C4//NQ9gQt1/csTXyo/8Sb+afLAkzAptFuMsod9HFokGNudZpi/oQV73hnVK+sR+5PVRMd+Dr7YQ=="
  "resolved" "https://registry.npmjs.org/cliui/-/cliui-8.0.1.tgz"
  "version" "8.0.1"
  dependencies:
    "string-width" "^4.2.0"
    "strip-ansi" "^6.0.1"
    "wrap-ansi" "^7.0.0"

"color-convert@^2.0.1":
  "integrity" "sha512-RRECPsj7iu/xb5oKYcsFHSppFNnsj/52OVTRKb4zP5onXwVF3zVmmToNcOfGC+CRDpfK/U584fMg38ZHCaElKQ=="
  "resolved" "https://registry.npmjs.org/color-convert/-/color-convert-2.0.1.tgz"
  "version" "2.0.1"
  dependencies:
    "color-name" "~1.1.4"

"color-name@~1.1.4":
  "integrity" "sha512-dOy+3AuW3a2wNbZHIuMZpTcgjGuLU/uBL/ubcZF9OXbDo8ff4O8yVp5Bf0efS8uEoYo5q4Fx7dY9OgQGXgAsQA=="
  "resolved" "https://registry.npmjs.org/color-name/-/color-name-1.1.4.tgz"
  "version" "1.1.4"

"commander@^4.0.0":
  "integrity" "sha512-NOKm8xhkzAjzFx8B2v5OAHT+u5pRQc2UCa2Vq9jYL/31o2wi9mxBA7LIFs3sV5VSC49z6pEhfbMULvShKj26WA=="
  "resolved" "https://registry.npmjs.org/commander/-/commander-4.1.1.tgz"
  "version" "4.1.1"

"cross-spawn@^7.0.0":
  "integrity" "sha512-iRDPJKUPVEND7dHPO8rkbOnPpyDygcDFtWjpeWNCgy8WP2rXcxXL8TskReQl6OrB2G7+UJrags1q15Fudc7G6w=="
  "resolved" "https://registry.npmjs.org/cross-spawn/-/cross-spawn-7.0.3.tgz"
  "version" "7.0.3"
  dependencies:
    "path-key" "^3.1.0"
    "shebang-command" "^2.0.0"
    "which" "^2.0.1"

"emoji-regex@^8.0.0":
  "integrity" "sha512-MSjYzcWNOA0ewAHpz0MxpYFvwg6yjy1NG3xteoqz644VCo/RPgnr1/GGt+ic3iJTzQ8Eu3TdM14SawnVUmGE6A=="
  "resolved" "https://registry.npmjs.org/emoji-regex/-/emoji-regex-8.0.0.tgz"
  "version" "8.0.0"

"env-cmd@^10.1.0":
  "integrity" "sha512-mMdWTT9XKN7yNth/6N6g2GuKuJTsKMDHlQFUDacb/heQRRWOTIZ42t1rMHnQu4jYxU1ajdTeJM+9eEETlqToMA=="
  "resolved" "https://registry.npmjs.org/env-cmd/-/env-cmd-10.1.0.tgz"
  "version" "10.1.0"
  dependencies:
    "commander" "^4.0.0"
    "cross-spawn" "^7.0.0"

"escalade@^3.1.1":
  "integrity" "sha512-k0er2gUkLf8O0zKJiAhmkTnJlTvINGv7ygDNPbeIsX/TJjGJZHuh9B2UxbsaEkmlEo9MfhrSzmhIlhRlI2GXnw=="
  "resolved" "https://registry.npmjs.org/escalade/-/escalade-3.1.1.tgz"
  "version" "3.1.1"

"get-caller-file@^2.0.5":
  "integrity" "sha512-DyFP3BM/3YHTQOCUL/w0OZHR0lpKeGrxotcHWcqNEdnltqFwXVfhEBQ94eIo34AfQpo0rGki4cyIiftY06h2Fg=="
  "resolved" "https://registry.npmjs.org/get-caller-file/-/get-caller-file-2.0.5.tgz"
  "version" "2.0.5"

"is-fullwidth-code-point@^3.0.0":
  "integrity" "sha512-zymm5+u+sCsSWyD9qNaejV3DFvhCKclKdizYaJUuHA83RLjb7nSuGnddCHGv0hk+KY7BMAlsWeK4Ueg6EV6XQg=="
  "resolved" "https://registry.npmjs.org/is-fullwidth-code-point/-/is-fullwidth-code-point-3.0.0.tgz"
  "version" "3.0.0"

"isexe@^2.0.0":
  "integrity" "sha512-RHxMLp9lnKHGHRng9QFhRCMbYAcVpn69smSGcq3f36xjgVVWThj4qqLbTLlq7Ssj8B+fIQ1EuCEGI2lKsyQeIw=="
  "resolved" "https://registry.npmjs.org/isexe/-/isexe-2.0.0.tgz"
  "version" "2.0.0"

"isomorphic-ws@5.0.0":
  "integrity" "sha512-muId7Zzn9ywDsyXgTIafTry2sV3nySZeUDe6YedVd1Hvuuep5AsIlqK+XefWpYTyJG5e503F2xIuT2lcU6rCSw=="
  "resolved" "https://registry.npmjs.org/isomorphic-ws/-/isomorphic-ws-5.0.0.tgz"
  "version" "5.0.0"

"json-bigint@^1.0.0":
  "integrity" "sha512-SiPv/8VpZuWbvLSMtTDU8hEfrZWg/mH/nV/b4o0CYbSxu1UIQPLdwKOCIyLQX+VIPO5vrLX3i8qtqFyhdPSUSQ=="
  "resolved" "https://registry.npmjs.org/json-bigint/-/json-bigint-1.0.0.tgz"
  "version" "1.0.0"
  dependencies:
    "bignumber.js" "^9.0.0"

"lru-cache@^6.0.0":
  "integrity" "sha512-Jo6dJ04CmSjuznwJSS3pUeWmd/H0ffTlkXXgwZi+eq1UCmqQwCh+eLsYOYCwY991i2Fah4h1BEMCx4qThGbsiA=="
  "resolved" "https://registry.npmjs.org/lru-cache/-/lru-cache-6.0.0.tgz"
  "version" "6.0.0"
  dependencies:
    "yallist" "^4.0.0"

"node-fetch@^2.6.9":
  "integrity" "sha512-DJm/CJkZkRjKKj4Zi4BsKVZh3ValV5IR5s7LVZnW+6YMh0W1BfNA8XSs6DLMGYlId5F3KnA70uu2qepcR08Qqg=="
  "resolved" "https://registry.npmjs.org/node-fetch/-/node-fetch-2.6.9.tgz"
  "version" "2.6.9"
  dependencies:
    "whatwg-url" "^5.0.0"

"object-hash@^3.0.0":
  "integrity" "sha512-RSn9F68PjH9HqtltsSnqYC1XXoWe9Bju5+213R98cNGttag9q9yAOTzdbsqvIa7aNm5WffBZFpWYr2aWrklWAw=="
  "resolved" "https://registry.npmjs.org/object-hash/-/object-hash-3.0.0.tgz"
  "version" "3.0.0"

"path-key@^3.1.0":
  "integrity" "sha512-ojmeN0qd+y0jszEtoY48r0Peq5dwMEkIlCOu6Q5f41lfkswXuKtYrhgoTpLnyIcHm24Uhqx+5Tqm2InSwLhE6Q=="
  "resolved" "https://registry.npmjs.org/path-key/-/path-key-3.1.1.tgz"
  "version" "3.1.1"

"prettier-plugin-solidity@^1.1.3":
  "integrity" "sha512-fQ9yucPi2sBbA2U2Xjh6m4isUTJ7S7QLc/XDDsktqqxYfTwdYKJ0EnnywXHwCGAaYbQNK+HIYPL1OemxuMsgeg=="
  "resolved" "https://registry.npmjs.org/prettier-plugin-solidity/-/prettier-plugin-solidity-1.1.3.tgz"
  "version" "1.1.3"
  dependencies:
    "@solidity-parser/parser" "^0.16.0"
    "semver" "^7.3.8"
    "solidity-comments-extractor" "^0.0.7"

"prettier@^2.8.3", "prettier@>=2.3.0 || >=3.0.0-alpha.0":
  "integrity" "sha512-tJ/oJ4amDihPoufT5sM0Z1SKEuKay8LfVAMlbbhnnkvt6BUserZylqo2PN+p9KeljLr0OHa2rXHU1T8reeoTrw=="
  "resolved" "https://registry.npmjs.org/prettier/-/prettier-2.8.3.tgz"
  "version" "2.8.3"

"require-directory@^2.1.1":
  "integrity" "sha512-fGxEI7+wsG9xrvdjsrlmL22OMTTiHRwAMroiEeMgq8gzoLC/PQr7RsRDSTLUg/bZAZtF+TVIkHc6/4RIKrui+Q=="
  "resolved" "https://registry.npmjs.org/require-directory/-/require-directory-2.1.1.tgz"
  "version" "2.1.1"

"semver@^7.3.8":
  "integrity" "sha512-NB1ctGL5rlHrPJtFDVIVzTyQylMLu9N9VICA6HSFJo8MCGVTMW6gfpicwKmmK/dAjTOrqu5l63JJOpDSrAis3A=="
  "resolved" "https://registry.npmjs.org/semver/-/semver-7.3.8.tgz"
  "version" "7.3.8"
  dependencies:
    "lru-cache" "^6.0.0"

"shebang-command@^2.0.0":
  "integrity" "sha512-kHxr2zZpYtdmrN1qDjrrX/Z1rR1kG8Dx+gkpK1G4eXmvXswmcE1hTWBWYUzlraYw1/yZp6YuDY77YtvbN0dmDA=="
  "resolved" "https://registry.npmjs.org/shebang-command/-/shebang-command-2.0.0.tgz"
  "version" "2.0.0"
  dependencies:
    "shebang-regex" "^3.0.0"

"shebang-regex@^3.0.0":
  "integrity" "sha512-7++dFhtcx3353uBaq8DDR4NuxBetBzC7ZQOhmTQInHEd6bSrXdiEyzCvG07Z44UYdLShWUyXt5M/yhz8ekcb1A=="
  "resolved" "https://registry.npmjs.org/shebang-regex/-/shebang-regex-3.0.0.tgz"
  "version" "3.0.0"

"solidity-comments-extractor@^0.0.7":
  "integrity" "sha512-wciNMLg/Irp8OKGrh3S2tfvZiZ0NEyILfcRCXCD4mp7SgK/i9gzLfhY2hY7VMCQJ3kH9UB9BzNdibIVMchzyYw=="
  "resolved" "https://registry.npmjs.org/solidity-comments-extractor/-/solidity-comments-extractor-0.0.7.tgz"
  "version" "0.0.7"

"string-width@^4.1.0", "string-width@^4.2.0", "string-width@^4.2.3":
  "integrity" "sha512-wKyQRQpjJ0sIp62ErSZdGsjMJWsap5oRNihHhu6G7JVO/9jIB6UyevL+tXuOqrng8j/cxKTWyWUwvSTriiZz/g=="
  "resolved" "https://registry.npmjs.org/string-width/-/string-width-4.2.3.tgz"
  "version" "4.2.3"
  dependencies:
    "emoji-regex" "^8.0.0"
    "is-fullwidth-code-point" "^3.0.0"
    "strip-ansi" "^6.0.1"

"strip-ansi@^6.0.0", "strip-ansi@^6.0.1":
  "integrity" "sha512-Y38VPSHcqkFrCpFnQ9vuSXmquuv5oXOKpGeT6aGrr3o3Gc9AlVa6JBfUSOCnbxGGZF+/0ooI7KrPuUSztUdU5A=="
  "resolved" "https://registry.npmjs.org/strip-ansi/-/strip-ansi-6.0.1.tgz"
  "version" "6.0.1"
  dependencies:
    "ansi-regex" "^5.0.1"

"tr46@~0.0.3":
  "integrity" "sha512-N3WMsuqV66lT30CrXNbEjx4GEwlow3v6rr4mCcv6prnfwhS01rkgyFdjPNBYd9br7LpXV1+Emh01fHnq2Gdgrw=="
  "resolved" "https://registry.npmjs.org/tr46/-/tr46-0.0.3.tgz"
  "version" "0.0.3"

"typescript@>=4.9.4":
  "integrity" "sha512-cW9T5W9xY37cc+jfEnaUvX91foxtHkza3Nw3wkoF4sSlKn0MONdkdEndig/qPBWXNkmplh3NzayQzCiHM4/hqw=="
  "resolved" "https://registry.npmjs.org/typescript/-/typescript-5.0.4.tgz"
  "version" "5.0.4"

"viem@^0.3.0":
  "integrity" "sha512-BDNVZ4pIBD/RUT4ztgz/L76Rzof3yhhG24FDplASLGUiOEHaLQIEGQ3ebV8OMdssQLtHhaYVTIUINMd0yEiaQg=="
  "resolved" "https://registry.npmjs.org/viem/-/viem-0.3.0.tgz"
  "version" "0.3.0"
  dependencies:
    "@adraffy/ens-normalize" "1.9.0"
    "@noble/curves" "0.9.0"
    "@noble/hashes" "1.3.0"
    "@scure/bip32" "1.2.0"
    "@scure/bip39" "1.2.0"
    "@wagmi/chains" "0.2.16"
    "abitype" "0.7.1"
    "isomorphic-ws" "5.0.0"
    "ws" "8.12.0"

"webidl-conversions@^3.0.0":
  "integrity" "sha512-2JAn3z8AR6rjK8Sm8orRC0h/bcl/DqL7tRPdGZ4I1CjdF+EaMLmYxBHyXuKL849eucPFhvBoxMsflfOb8kxaeQ=="
  "resolved" "https://registry.npmjs.org/webidl-conversions/-/webidl-conversions-3.0.1.tgz"
  "version" "3.0.1"

"whatwg-url@^5.0.0":
  "integrity" "sha512-saE57nupxk6v3HY35+jzBwYa0rKSy0XR8JSxZPwgLr7ys0IBzhGviA1/TUGJLmSVqs8pb9AnvICXEuOHLprYTw=="
  "resolved" "https://registry.npmjs.org/whatwg-url/-/whatwg-url-5.0.0.tgz"
  "version" "5.0.0"
  dependencies:
    "tr46" "~0.0.3"
    "webidl-conversions" "^3.0.0"

"which@^2.0.1":
  "integrity" "sha512-BLI3Tl1TW3Pvl70l3yq3Y64i+awpwXqsGBYWkkqMtnbXgrMD+yj7rhW0kuEDxzJaYXGjEW5ogapKNMEKNMjibA=="
  "resolved" "https://registry.npmjs.org/which/-/which-2.0.2.tgz"
  "version" "2.0.2"
  dependencies:
    "isexe" "^2.0.0"

"wrap-ansi@^7.0.0":
  "integrity" "sha512-YVGIj2kamLSTxw6NsZjoBxfSwsn0ycdesmc4p+Q21c5zPuZ1pl+NfxVdxPtdHvmNVOQ6XSYG4AUtyt/Fi7D16Q=="
  "resolved" "https://registry.npmjs.org/wrap-ansi/-/wrap-ansi-7.0.0.tgz"
  "version" "7.0.0"
  dependencies:
    "ansi-styles" "^4.0.0"
    "string-width" "^4.1.0"
    "strip-ansi" "^6.0.0"

"ws@*", "ws@8.12.0":
  "integrity" "sha512-kU62emKIdKVeEIOIKVegvqpXMSTAMLJozpHZaJNDYqBjzlSYXQGviYwN1osDLJ9av68qHd4a2oSjd7yD4pacig=="
  "resolved" "https://registry.npmjs.org/ws/-/ws-8.12.0.tgz"
  "version" "8.12.0"

"y18n@^5.0.5":
  "integrity" "sha512-0pfFzegeDWJHJIAmTLRP2DwHjdF5s7jo9tuztdQxAhINCdvS+3nGINqPd00AphqJR/0LhANUS6/+7SCb98YOfA=="
  "resolved" "https://registry.npmjs.org/y18n/-/y18n-5.0.8.tgz"
  "version" "5.0.8"

"yallist@^4.0.0":
  "integrity" "sha512-3wdGidZyq5PB084XLES5TpOSRA3wjXAlIWMhum2kRcv/41Sn2emQ0dycQW4uZXLejwKvg6EsvbdlVL+FYEct7A=="
  "resolved" "https://registry.npmjs.org/yallist/-/yallist-4.0.0.tgz"
  "version" "4.0.0"

"yargs-parser@^21.1.1":
  "integrity" "sha512-tVpsJW7DdjecAiFpbIB1e3qxIQsE6NoPc5/eTdrbbIC4h0LVsWhnoa3g+m2HclBIujHzsxZ4VJVA+GUuc2/LBw=="
  "resolved" "https://registry.npmjs.org/yargs-parser/-/yargs-parser-21.1.1.tgz"
  "version" "21.1.1"

"yargs@^17.7.1":
  "integrity" "sha512-cwiTb08Xuv5fqF4AovYacTFNxk62th7LKJ6BL9IGUpTJrWoU7/7WdQGTP2SjKf1dUNBGzDd28p/Yfs/GI6JrLw=="
  "resolved" "https://registry.npmjs.org/yargs/-/yargs-17.7.1.tgz"
  "version" "17.7.1"
  dependencies:
    "cliui" "^8.0.1"
    "escalade" "^3.1.1"
    "get-caller-file" "^2.0.5"
    "require-directory" "^2.1.1"
    "string-width" "^4.2.3"
    "y18n" "^5.0.5"
    "yargs-parser" "^21.1.1"

"zod@^3 >=3.19.1", "zod@^3.21.4":
  "integrity" "sha512-m46AKbrzKVzOzs/DZgVnG5H55N1sv1M8qZU3A8RIKbs3mrACDNeIOeilDymVb2HdmP8uwshOCF4uJ8uM9rCqJw=="
  "resolved" "https://registry.npmjs.org/zod/-/zod-3.21.4.tgz"
  "version" "3.21.4"
